
Microsoft Visual Studio Solution File, Format Version 12.00
# Visual Studio Version 17
VisualStudioVersion = 17.1.32210.238
MinimumVisualStudioVersion = 10.0.40219.1
Project("{9A19103F-16F7-4668-BE54-9A1E7A4F7556}") = "ExamApp.BAL", "ExamApp.BAL\ExamApp.BAL.csproj", "{B30BAF23-E331-4C0B-A510-79B5B92F4C44}"
EndProject
Project("{9A19103F-16F7-4668-BE54-9A1E7A4F7556}") = "ExamApp.DAL", "ExamApp.DAL\ExamApp.DAL.csproj", "{CE5179FF-4CE4-4498-BDC7-446CE9DA8B16}"
EndProject
Project("{9A19103F-16F7-4668-BE54-9A1E7A4F7556}") = "ExamApp.WebUI", "ExamApp.WebUI\ExamApp.WebUI.csproj", "{D0F643D8-33E8-44F5-9FF1-EBB29933DAE8}"
EndProject
Project("{FAE04EC0-301F-11D3-BF4B-00C04F79EFBC}") = "ExamApp.Entities", "ExamApp.Entities\ExamApp.Entities.csproj", "{6373F029-2B58-44A6-8C2A-AE9ECE1E9122}"
EndProject
Global
	GlobalSection(SolutionConfigurationPlatforms) = preSolution
		Debug|Any CPU = Debug|Any CPU
		Release|Any CPU = Release|Any CPU
	EndGlobalSection
	GlobalSection(ProjectConfigurationPlatforms) = postSolution
		{B30BAF23-E331-4C0B-A510-79B5B92F4C44}.Debug|Any CPU.ActiveCfg = Debug|Any CPU
		{B30BAF23-E331-4C0B-A510-79B5B92F4C44}.Debug|Any CPU.Build.0 = Debug|Any CPU
		{B30BAF23-E331-4C0B-A510-79B5B92F4C44}.Release|Any CPU.ActiveCfg = Release|Any CPU
		{B30BAF23-E331-4C0B-A510-79B5B92F4C44}.Release|Any CPU.Build.0 = Release|Any CPU
		{CE5179FF-4CE4-4498-BDC7-446CE9DA8B16}.Debug|Any CPU.ActiveCfg = Debug|Any CPU
		{CE5179FF-4CE4-4498-BDC7-446CE9DA8B16}.Debug|Any CPU.Build.0 = Debug|Any CPU
		{CE5179FF-4CE4-4498-BDC7-446CE9DA8B16}.Release|Any CPU.ActiveCfg = Release|Any CPU
		{CE5179FF-4CE4-4498-BDC7-446CE9DA8B16}.Release|Any CPU.Build.0 = Release|Any CPU
		{D0F643D8-33E8-44F5-9FF1-EBB29933DAE8}.Debug|Any CPU.ActiveCfg = Debug|Any CPU
		{D0F643D8-33E8-44F5-9FF1-EBB29933DAE8}.Debug|Any CPU.Build.0 = Debug|Any CPU
		{D0F643D8-33E8-44F5-9FF1-EBB29933DAE8}.Release|Any CPU.ActiveCfg = Release|Any CPU
		{D0F643D8-33E8-44F5-9FF1-EBB29933DAE8}.Release|Any CPU.Build.0 = Release|Any CPU
		{6373F029-2B58-44A6-8C2A-AE9ECE1E9122}.Debug|Any CPU.ActiveCfg = Debug|Any CPU
		{6373F029-2B58-44A6-8C2A-AE9ECE1E9122}.Debug|Any CPU.Build.0 = Debug|Any CPU
		{6373F029-2B58-44A6-8C2A-AE9ECE1E9122}.Release|Any CPU.ActiveCfg = Release|Any CPU
		{6373F029-2B58-44A6-8C2A-AE9ECE1E9122}.Release|Any CPU.Build.0 = Release|Any CPU
	EndGlobalSection
	GlobalSection(SolutionProperties) = preSolution
		HideSolutionNode = FALSE
	EndGlobalSection
	GlobalSection(ExtensibilityGlobals) = postSolution
		SolutionGuid = {E54D0162-B298-431D-B13A-E995926FD207}
	EndGlobalSection
EndGlobal
